
Microsoft Visual Studio Solution File, Format Version 10.00
# Visual Studio 2008
Project("{8BC9CEB8-8B4A-11D0-8D11-00A0C91BC942}") = "RitmHeart", "RitmHeart\RitmHeart.vcproj", "{DFDF4EB3-A8B5-442C-A327-B7069FC45970}"
EndProject
Project("{8BC9CEB8-8B4A-11D0-8D11-00A0C91BC942}") = "BasicLibraryTest", "BasicLibraryTest\BasicLibraryTest.vcproj", "{2DF5B52D-3035-4E05-A246-4C4EC2F0C3B4}"
	ProjectSection(ProjectDependencies) = postProject
		{2E16AF09-6879-44A4-B577-696FE080A7B5} = {2E16AF09-6879-44A4-B577-696FE080A7B5}
		{9611FD16-6A75-413C-BD09-78EED627D2CA} = {9611FD16-6A75-413C-BD09-78EED627D2CA}
		{DFDF4EB3-A8B5-442C-A327-B7069FC45970} = {DFDF4EB3-A8B5-442C-A327-B7069FC45970}
		{2058D2F3-9616-4708-BE85-E4563561BFF6} = {2058D2F3-9616-4708-BE85-E4563561BFF6}
		{A978F7FB-E101-4352-B035-54DA680DF351} = {A978F7FB-E101-4352-B035-54DA680DF351}
	EndProjectSection
EndProject
Project("{8BC9CEB8-8B4A-11D0-8D11-00A0C91BC942}") = "BasicLibrary", "BasicLibrary\BasicLibrary.vcproj", "{9611FD16-6A75-413C-BD09-78EED627D2CA}"
	ProjectSection(ProjectDependencies) = postProject
		{DFDF4EB3-A8B5-442C-A327-B7069FC45970} = {DFDF4EB3-A8B5-442C-A327-B7069FC45970}
	EndProjectSection
EndProject
Project("{8BC9CEB8-8B4A-11D0-8D11-00A0C91BC942}") = "MitmLibrary", "MitmLibrary\MitmLibrary.vcproj", "{2E16AF09-6879-44A4-B577-696FE080A7B5}"
	ProjectSection(ProjectDependencies) = postProject
		{DFDF4EB3-A8B5-442C-A327-B7069FC45970} = {DFDF4EB3-A8B5-442C-A327-B7069FC45970}
	EndProjectSection
EndProject
Project("{8BC9CEB8-8B4A-11D0-8D11-00A0C91BC942}") = "MitmLibraryTest", "MitmLibraryTest\MitmLibraryTest.vcproj", "{8F3EA9DA-FBC1-4518-94B4-115E6159FBE7}"
	ProjectSection(ProjectDependencies) = postProject
		{2E16AF09-6879-44A4-B577-696FE080A7B5} = {2E16AF09-6879-44A4-B577-696FE080A7B5}
		{9611FD16-6A75-413C-BD09-78EED627D2CA} = {9611FD16-6A75-413C-BD09-78EED627D2CA}
		{DFDF4EB3-A8B5-442C-A327-B7069FC45970} = {DFDF4EB3-A8B5-442C-A327-B7069FC45970}
		{803F39CF-0A27-4988-9D77-50419C79E1DE} = {803F39CF-0A27-4988-9D77-50419C79E1DE}
		{A978F7FB-E101-4352-B035-54DA680DF351} = {A978F7FB-E101-4352-B035-54DA680DF351}
	EndProjectSection
EndProject
Project("{8BC9CEB8-8B4A-11D0-8D11-00A0C91BC942}") = "ProtoLibTest", "ProtoLibTest\ProtoLibTest.vcproj", "{054D1B63-C66F-40DF-B215-E11B48132C53}"
EndProject
Project("{8BC9CEB8-8B4A-11D0-8D11-00A0C91BC942}") = "RitmBaseTestLib", "RitmBaseTestLib\RitmBaseTestLib.vcproj", "{A978F7FB-E101-4352-B035-54DA680DF351}"
EndProject
Project("{8BC9CEB8-8B4A-11D0-8D11-00A0C91BC942}") = "FakeBasicLib", "FakeBasicLib\FakeBasicLib.vcproj", "{2058D2F3-9616-4708-BE85-E4563561BFF6}"
	ProjectSection(ProjectDependencies) = postProject
		{9611FD16-6A75-413C-BD09-78EED627D2CA} = {9611FD16-6A75-413C-BD09-78EED627D2CA}
	EndProjectSection
EndProject
Project("{8BC9CEB8-8B4A-11D0-8D11-00A0C91BC942}") = "FakeMitmLib", "FakeMitmLib\FakeMitmLib.vcproj", "{803F39CF-0A27-4988-9D77-50419C79E1DE}"
	ProjectSection(ProjectDependencies) = postProject
		{2E16AF09-6879-44A4-B577-696FE080A7B5} = {2E16AF09-6879-44A4-B577-696FE080A7B5}
	EndProjectSection
EndProject
Project("{8BC9CEB8-8B4A-11D0-8D11-00A0C91BC942}") = "DiplomGui", "DiplomGui\DiplomGui.vcproj", "{3252F711-91E8-3837-B958-A746248824DC}"
	ProjectSection(ProjectDependencies) = postProject
		{DFDF4EB3-A8B5-442C-A327-B7069FC45970} = {DFDF4EB3-A8B5-442C-A327-B7069FC45970}
	EndProjectSection
EndProject
Project("{54435603-DBB4-11D2-8724-00A0C9A8B90C}") = "RitMSetup", "RitMSetup\RitMSetup.vdproj", "{C5C523A8-8101-4F41-8E11-2BD73EF390E7}"
EndProject
Global
	GlobalSection(SolutionConfigurationPlatforms) = preSolution
		Debug|Win32 = Debug|Win32
		Release|Win32 = Release|Win32
	EndGlobalSection
	GlobalSection(ProjectConfigurationPlatforms) = postSolution
		{DFDF4EB3-A8B5-442C-A327-B7069FC45970}.Debug|Win32.ActiveCfg = Debug|Win32
		{DFDF4EB3-A8B5-442C-A327-B7069FC45970}.Debug|Win32.Build.0 = Debug|Win32
		{DFDF4EB3-A8B5-442C-A327-B7069FC45970}.Release|Win32.ActiveCfg = Release|Win32
		{DFDF4EB3-A8B5-442C-A327-B7069FC45970}.Release|Win32.Build.0 = Release|Win32
		{2DF5B52D-3035-4E05-A246-4C4EC2F0C3B4}.Debug|Win32.ActiveCfg = Debug|Win32
		{2DF5B52D-3035-4E05-A246-4C4EC2F0C3B4}.Debug|Win32.Build.0 = Debug|Win32
		{2DF5B52D-3035-4E05-A246-4C4EC2F0C3B4}.Release|Win32.ActiveCfg = Release|Win32
		{2DF5B52D-3035-4E05-A246-4C4EC2F0C3B4}.Release|Win32.Build.0 = Release|Win32
		{9611FD16-6A75-413C-BD09-78EED627D2CA}.Debug|Win32.ActiveCfg = Debug|Win32
		{9611FD16-6A75-413C-BD09-78EED627D2CA}.Debug|Win32.Build.0 = Debug|Win32
		{9611FD16-6A75-413C-BD09-78EED627D2CA}.Release|Win32.ActiveCfg = Release|Win32
		{9611FD16-6A75-413C-BD09-78EED627D2CA}.Release|Win32.Build.0 = Release|Win32
		{2E16AF09-6879-44A4-B577-696FE080A7B5}.Debug|Win32.ActiveCfg = Debug|Win32
		{2E16AF09-6879-44A4-B577-696FE080A7B5}.Debug|Win32.Build.0 = Debug|Win32
		{2E16AF09-6879-44A4-B577-696FE080A7B5}.Release|Win32.ActiveCfg = Release|Win32
		{2E16AF09-6879-44A4-B577-696FE080A7B5}.Release|Win32.Build.0 = Release|Win32
		{8F3EA9DA-FBC1-4518-94B4-115E6159FBE7}.Debug|Win32.ActiveCfg = Debug|Win32
		{8F3EA9DA-FBC1-4518-94B4-115E6159FBE7}.Debug|Win32.Build.0 = Debug|Win32
		{8F3EA9DA-FBC1-4518-94B4-115E6159FBE7}.Release|Win32.ActiveCfg = Release|Win32
		{8F3EA9DA-FBC1-4518-94B4-115E6159FBE7}.Release|Win32.Build.0 = Release|Win32
		{054D1B63-C66F-40DF-B215-E11B48132C53}.Debug|Win32.ActiveCfg = Debug|Win32
		{054D1B63-C66F-40DF-B215-E11B48132C53}.Debug|Win32.Build.0 = Debug|Win32
		{054D1B63-C66F-40DF-B215-E11B48132C53}.Release|Win32.ActiveCfg = Release|Win32
		{054D1B63-C66F-40DF-B215-E11B48132C53}.Release|Win32.Build.0 = Release|Win32
		{A978F7FB-E101-4352-B035-54DA680DF351}.Debug|Win32.ActiveCfg = Debug|Win32
		{A978F7FB-E101-4352-B035-54DA680DF351}.Debug|Win32.Build.0 = Debug|Win32
		{A978F7FB-E101-4352-B035-54DA680DF351}.Release|Win32.ActiveCfg = Release|Win32
		{A978F7FB-E101-4352-B035-54DA680DF351}.Release|Win32.Build.0 = Release|Win32
		{2058D2F3-9616-4708-BE85-E4563561BFF6}.Debug|Win32.ActiveCfg = Debug|Win32
		{2058D2F3-9616-4708-BE85-E4563561BFF6}.Debug|Win32.Build.0 = Debug|Win32
		{2058D2F3-9616-4708-BE85-E4563561BFF6}.Release|Win32.ActiveCfg = Release|Win32
		{2058D2F3-9616-4708-BE85-E4563561BFF6}.Release|Win32.Build.0 = Release|Win32
		{803F39CF-0A27-4988-9D77-50419C79E1DE}.Debug|Win32.ActiveCfg = Debug|Win32
		{803F39CF-0A27-4988-9D77-50419C79E1DE}.Debug|Win32.Build.0 = Debug|Win32
		{803F39CF-0A27-4988-9D77-50419C79E1DE}.Release|Win32.ActiveCfg = Release|Win32
		{803F39CF-0A27-4988-9D77-50419C79E1DE}.Release|Win32.Build.0 = Release|Win32
		{3252F711-91E8-3837-B958-A746248824DC}.Debug|Win32.ActiveCfg = Debug|Win32
		{3252F711-91E8-3837-B958-A746248824DC}.Debug|Win32.Build.0 = Debug|Win32
		{3252F711-91E8-3837-B958-A746248824DC}.Release|Win32.ActiveCfg = Release|Win32
		{3252F711-91E8-3837-B958-A746248824DC}.Release|Win32.Build.0 = Release|Win32
		{C5C523A8-8101-4F41-8E11-2BD73EF390E7}.Debug|Win32.ActiveCfg = Debug
		{C5C523A8-8101-4F41-8E11-2BD73EF390E7}.Release|Win32.ActiveCfg = Release
		{C5C523A8-8101-4F41-8E11-2BD73EF390E7}.Release|Win32.Build.0 = Release
	EndGlobalSection
	GlobalSection(SolutionProperties) = preSolution
		HideSolutionNode = FALSE
	EndGlobalSection
EndGlobal
